
Microsoft Visual Studio Solution File, Format Version 12.00
# Visual Studio Version 17
VisualStudioVersion = 17.5.33516.290
MinimumVisualStudioVersion = 10.0.40219.1
Project("{8BC9CEB8-8B4A-11D0-8D11-00A0C91BC942}") = "HoloCureLanguagePackMod", "HoloCureLanguagePackMod\HoloCureLanguagePackMod.vcxproj", "{CE978A66-CCB5-40F0-B55A-5B4D54032FE6}"
EndProject
Global
	GlobalSection(SolutionConfigurationPlatforms) = preSolution
		Debug|x64 = Debug|x64
		Debug|x86 = Debug|x86
		Release|x64 = Release|x64
		Release|x86 = Release|x86
	EndGlobalSection
	GlobalSection(ProjectConfigurationPlatforms) = postSolution
		{CE978A66-CCB5-40F0-B55A-5B4D54032FE6}.Debug|x64.ActiveCfg = Debug|x64
		{CE978A66-CCB5-40F0-B55A-5B4D54032FE6}.Debug|x64.Build.0 = Debug|x64
		{CE978A66-CCB5-40F0-B55A-5B4D54032FE6}.Debug|x86.ActiveCfg = Debug|Win32
		{CE978A66-CCB5-40F0-B55A-5B4D54032FE6}.Debug|x86.Build.0 = Debug|Win32
		{CE978A66-CCB5-40F0-B55A-5B4D54032FE6}.Release|x64.ActiveCfg = Release|x64
		{CE978A66-CCB5-40F0-B55A-5B4D54032FE6}.Release|x64.Build.0 = Release|x64
		{CE978A66-CCB5-40F0-B55A-5B4D54032FE6}.Release|x86.ActiveCfg = Release|Win32
		{CE978A66-CCB5-40F0-B55A-5B4D54032FE6}.Release|x86.Build.0 = Release|Win32
	EndGlobalSection
	GlobalSection(SolutionProperties) = preSolution
		HideSolutionNode = FALSE
	EndGlobalSection
	GlobalSection(ExtensibilityGlobals) = postSolution
		SolutionGuid = {D91FA99F-07CB-4EC9-86C8-60B297C07E61}
	EndGlobalSection
EndGlobal
